
Microsoft Visual Studio Solution File, Format Version 12.00
# Visual Studio 11
Project("{FAE04EC0-301F-11D3-BF4B-00C04F79EFBC}") = "WorldServer", "WorldServer\WorldServer.csproj", "{B736A574-F0AD-43D2-BF24-A54EDC0BCD6B}"
EndProject
Project("{FAE04EC0-301F-11D3-BF4B-00C04F79EFBC}") = "Common", "Common\Common.csproj", "{63268176-7FF9-4B3E-AAAD-CC7C329F924A}"
EndProject
Global
	GlobalSection(SolutionConfigurationPlatforms) = preSolution
		Debug|Any CPU = Debug|Any CPU
		Release|Any CPU = Release|Any CPU
	EndGlobalSection
	GlobalSection(ProjectConfigurationPlatforms) = postSolution
		{63268176-7FF9-4B3E-AAAD-CC7C329F924A}.Debug|Any CPU.ActiveCfg = Debug|Any CPU
		{63268176-7FF9-4B3E-AAAD-CC7C329F924A}.Debug|Any CPU.Build.0 = Debug|Any CPU
		{63268176-7FF9-4B3E-AAAD-CC7C329F924A}.Release|Any CPU.ActiveCfg = Release|Any CPU
		{63268176-7FF9-4B3E-AAAD-CC7C329F924A}.Release|Any CPU.Build.0 = Release|Any CPU
		{B736A574-F0AD-43D2-BF24-A54EDC0BCD6B}.Debug|Any CPU.ActiveCfg = Debug|Any CPU
		{B736A574-F0AD-43D2-BF24-A54EDC0BCD6B}.Debug|Any CPU.Build.0 = Debug|Any CPU
		{B736A574-F0AD-43D2-BF24-A54EDC0BCD6B}.Release|Any CPU.ActiveCfg = Release|Any CPU
		{B736A574-F0AD-43D2-BF24-A54EDC0BCD6B}.Release|Any CPU.Build.0 = Release|Any CPU
	EndGlobalSection
	GlobalSection(SolutionProperties) = preSolution
		HideSolutionNode = FALSE
	EndGlobalSection
EndGlobal
